
Microsoft Visual Studio Solution File, Format Version 11.00
# Visual Studio 2010
Project("{FAE04EC0-301F-11D3-BF4B-00C04F79EFBC}") = "Communication", "Communication\Communication.csproj", "{A8B0833E-75C6-415F-83EE-5A1614BE5610}"
EndProject
Global
	GlobalSection(SolutionConfigurationPlatforms) = preSolution
		Debug|Any CPU = Debug|Any CPU
		Release|Any CPU = Release|Any CPU
	EndGlobalSection
	GlobalSection(ProjectConfigurationPlatforms) = postSolution
		{A8B0833E-75C6-415F-83EE-5A1614BE5610}.Debug|Any CPU.ActiveCfg = Debug|Any CPU
		{A8B0833E-75C6-415F-83EE-5A1614BE5610}.Debug|Any CPU.Build.0 = Debug|Any CPU
		{A8B0833E-75C6-415F-83EE-5A1614BE5610}.Release|Any CPU.ActiveCfg = Release|Any CPU
		{A8B0833E-75C6-415F-83EE-5A1614BE5610}.Release|Any CPU.Build.0 = Release|Any CPU
	EndGlobalSection
	GlobalSection(SolutionProperties) = preSolution
		HideSolutionNode = FALSE
	EndGlobalSection
EndGlobal
